// !$*UTF8*$!
{
	archiveVersion = 1;
	classes = {
	};
	objectVersion = 56;
	objects = {

/* Begin PBXBuildFile section */
		A10000001 /* AdsPilotRemoteApp.swift in Sources */ = {isa = PBXBuildFile; fileRef = A10000011 /* AdsPilotRemoteApp.swift */; };
		A10000002 /* ContentView.swift in Sources */ = {isa = PBXBuildFile; fileRef = A10000012 /* ContentView.swift */; };
		A10000003 /* HTTPServer.swift in Sources */ = {isa = PBXBuildFile; fileRef = A10000013 /* HTTPServer.swift */; };
		A10000004 /* DeviceInfo.swift in Sources */ = {isa = PBXBuildFile; fileRef = A10000014 /* DeviceInfo.swift */; };
		A10000005 /* CommandHandler.swift in Sources */ = {isa = PBXBuildFile; fileRef = A10000015 /* CommandHandler.swift */; };
		A10000006 /* Assets.xcassets in Resources */ = {isa = PBXBuildFile; fileRef = A10000016 /* Assets.xcassets */; };
		A10000007 /* MainTabView.swift in Sources */ = {isa = PBXBuildFile; fileRef = A10000017 /* MainTabView.swift */; };
		A10000008 /* MacRemoteView.swift in Sources */ = {isa = PBXBuildFile; fileRef = A10000018 /* MacRemoteView.swift */; };
		A10000009 /* SettingsView.swift in Sources */ = {isa = PBXBuildFile; fileRef = A10000019 /* SettingsView.swift */; };
/* End PBXBuildFile section */

/* Begin PBXFileReference section */
		A10000010 /* AdsPilotRemote.app */ = {isa = PBXFileReference; explicitFileType = wrapper.application; includeInIndex = 0; path = AdsPilotRemote.app; sourceTree = BUILT_PRODUCTS_DIR; };
		A10000011 /* AdsPilotRemoteApp.swift */ = {isa = PBXFileReference; lastKnownFileType = sourcecode.swift; path = AdsPilotRemoteApp.swift; sourceTree = "<group>"; };
		A10000012 /* ContentView.swift */ = {isa = PBXFileReference; lastKnownFileType = sourcecode.swift; path = ContentView.swift; sourceTree = "<group>"; };
		A10000013 /* HTTPServer.swift */ = {isa = PBXFileReference; lastKnownFileType = sourcecode.swift; path = HTTPServer.swift; sourceTree = "<group>"; };
		A10000014 /* DeviceInfo.swift */ = {isa = PBXFileReference; lastKnownFileType = sourcecode.swift; path = DeviceInfo.swift; sourceTree = "<group>"; };
		A10000015 /* CommandHandler.swift */ = {isa = PBXFileReference; lastKnownFileType = sourcecode.swift; path = CommandHandler.swift; sourceTree = "<group>"; };
		A10000016 /* Assets.xcassets */ = {isa = PBXFileReference; lastKnownFileType = folder.assetcatalog; path = Assets.xcassets; sourceTree = "<group>"; };
		A10000017 /* MainTabView.swift */ = {isa = PBXFileReference; lastKnownFileType = sourcecode.swift; path = MainTabView.swift; sourceTree = "<group>"; };
		A10000018 /* MacRemoteView.swift */ = {isa = PBXFileReference; lastKnownFileType = sourcecode.swift; path = MacRemoteView.swift; sourceTree = "<group>"; };
		A10000019 /* SettingsView.swift */ = {isa = PBXFileReference; lastKnownFileType = sourcecode.swift; path = SettingsView.swift; sourceTree = "<group>"; };
/* End PBXFileReference section */

/* Begin PBXFrameworksBuildPhase section */
		A1000002F /* Frameworks */ = {
			isa = PBXFrameworksBuildPhase;
			buildActionMask = 2147483647;
			files = (
			);
			runOnlyForDeploymentPostprocessing = 0;
		};
/* End PBXFrameworksBuildPhase section */

/* Begin PBXGroup section */
		A10000020 = {
			isa = PBXGroup;
			children = (
				A10000021 /* AdsPilotRemote */,
				A10000022 /* Products */,
			);
			sourceTree = "<group>";
		};
		A10000021 /* AdsPilotRemote */ = {
			isa = PBXGroup;
			children = (
				A10000011 /* AdsPilotRemoteApp.swift */,
				A10000012 /* ContentView.swift */,
				A10000013 /* HTTPServer.swift */,
				A10000014 /* DeviceInfo.swift */,
				A10000015 /* CommandHandler.swift */,
				A10000017 /* MainTabView.swift */,
				A10000018 /* MacRemoteView.swift */,
				A10000019 /* SettingsView.swift */,
				A10000016 /* Assets.xcassets */,
			);
			path = AdsPilotRemote;
			sourceTree = "<group>";
		};
		A10000022 /* Products */ = {
			isa = PBXGroup;
			children = (
				A10000010 /* AdsPilotRemote.app */,
			);
			name = Products;
			sourceTree = "<group>";
		};
/* End PBXGroup section */

/* Begin PBXNativeTarget section */
		A10000030 /* AdsPilotRemote */ = {
			isa = PBXNativeTarget;
			buildConfigurationList = A10000040 /* Build configuration list for PBXNativeTarget "AdsPilotRemote" */;
			buildPhases = (
				A1000002E /* Sources */,
				A1000002F /* Frameworks */,
				A10000031 /* Resources */,
			);
			buildRules = (
			);
			dependencies = (
			);
			name = AdsPilotRemote;
			productName = AdsPilotRemote;
			productReference = A10000010 /* AdsPilotRemote.app */;
			productType = "com.apple.product-type.application";
		};
/* End PBXNativeTarget section */

/* Begin PBXProject section */
		A10000050 /* Project object */ = {
			isa = PBXProject;
			attributes = {
				BuildIndependentTargetsInParallel = 1;
				LastSwiftUpdateCheck = 1500;
				LastUpgradeCheck = 1500;
				TargetAttributes = {
					A10000030 = {
						CreatedOnToolsVersion = 15.0;
					};
				};
			};
			buildConfigurationList = A10000051 /* Build configuration list for PBXProject "AdsPilotRemote" */;
			compatibilityVersion = "Xcode 14.0";
			developmentRegion = en;
			hasScannedForEncodings = 0;
			knownRegions = (
				en,
				Base,
			);
			mainGroup = A10000020;
			productRefGroup = A10000022 /* Products */;
			projectDirPath = "";
			projectRoot = "";
			targets = (
				A10000030 /* AdsPilotRemote */,
			);
		};
/* End PBXProject section */

/* Begin PBXResourcesBuildPhase section */
		A10000031 /* Resources */ = {
			isa = PBXResourcesBuildPhase;
			buildActionMask = 2147483647;
			files = (
				A10000006 /* Assets.xcassets in Resources */,
			);
			runOnlyForDeploymentPostprocessing = 0;
		};
/* End PBXResourcesBuildPhase section */

/* Begin PBXSourcesBuildPhase section */
		A1000002E /* Sources */ = {
			isa = PBXSourcesBuildPhase;
			buildActionMask = 2147483647;
			files = (
				A10000001 /* AdsPilotRemoteApp.swift in Sources */,
				A10000002 /* ContentView.swift in Sources */,
				A10000003 /* HTTPServer.swift in Sources */,
				A10000004 /* DeviceInfo.swift in Sources */,
				A10000005 /* CommandHandler.swift in Sources */,
				A10000007 /* MainTabView.swift in Sources */,
				A10000008 /* MacRemoteView.swift in Sources */,
				A10000009 /* SettingsView.swift in Sources */,
			);
			runOnlyForDeploymentPostprocessing = 0;
		};
/* End PBXSourcesBuildPhase section */

/* Begin XCBuildConfiguration section */
		A10000060 /* Debug */ = {
			isa = XCBuildConfiguration;
			buildSettings = {
				ALWAYS_SEARCH_USER_PATHS = NO;
				ASSETCATALOG_COMPILER_GENERATE_SWIFT_ASSET_SYMBOL_EXTENSIONS = YES;
				CLANG_ANALYZER_NONNULL = YES;
				CLANG_CXX_LANGUAGE_STANDARD = "gnu++20";
				CLANG_ENABLE_MODULES = YES;
				CLANG_ENABLE_OBJC_ARC = YES;
				COPY_PHASE_STRIP = NO;
				DEBUG_INFORMATION_FORMAT = dwarf;
				ENABLE_STRICT_OBJC_MSGSEND = YES;
				ENABLE_TESTABILITY = YES;
				GCC_DYNAMIC_NO_PIC = NO;
				GCC_OPTIMIZATION_LEVEL = 0;
				GCC_WARN_ABOUT_RETURN_TYPE = YES_ERROR;
				GCC_WARN_UNINITIALIZED_AUTOS = YES_AGGRESSIVE;
				IPHONEOS_DEPLOYMENT_TARGET = 16.0;
				MTL_ENABLE_DEBUG_INFO = INCLUDE_SOURCE;
				ONLY_ACTIVE_ARCH = YES;
				SDKROOT = iphoneos;
				SWIFT_ACTIVE_COMPILATION_CONDITIONS = "DEBUG";
				SWIFT_OPTIMIZATION_LEVEL = "-Onone";
			};
			name = Debug;
		};
		A10000061 /* Release */ = {
			isa = XCBuildConfiguration;
			buildSettings = {
				ALWAYS_SEARCH_USER_PATHS = NO;
				ASSETCATALOG_COMPILER_GENERATE_SWIFT_ASSET_SYMBOL_EXTENSIONS = YES;
				CLANG_ANALYZER_NONNULL = YES;
				CLANG_CXX_LANGUAGE_STANDARD = "gnu++20";
				CLANG_ENABLE_MODULES = YES;
				CLANG_ENABLE_OBJC_ARC = YES;
				COPY_PHASE_STRIP = NO;
				DEBUG_INFORMATION_FORMAT = "dwarf-with-dsym";
				ENABLE_NS_ASSERTIONS = NO;
				ENABLE_STRICT_OBJC_MSGSEND = YES;
				GCC_WARN_ABOUT_RETURN_TYPE = YES_ERROR;
				GCC_WARN_UNINITIALIZED_AUTOS = YES_AGGRESSIVE;
				IPHONEOS_DEPLOYMENT_TARGET = 16.0;
				MTL_ENABLE_DEBUG_INFO = NO;
				SDKROOT = iphoneos;
				SWIFT_COMPILATION_MODE = wholemodule;
				VALIDATE_PRODUCT = YES;
			};
			name = Release;
		};
		A10000062 /* Debug */ = {
			isa = XCBuildConfiguration;
			buildSettings = {
				ASSETCATALOG_COMPILER_APPICON_NAME = AppIcon;
				CODE_SIGN_IDENTITY = "Apple Development";
				CODE_SIGN_STYLE = Automatic;
				CURRENT_PROJECT_VERSION = 1;
				DEVELOPMENT_TEAM = VK6JCSNK68;
				GENERATE_INFOPLIST_FILE = YES;
				INFOPLIST_FILE = AdsPilotRemote/Info.plist;
				INFOPLIST_KEY_CFBundleDisplayName = "Remote";
				INFOPLIST_KEY_NSAppTransportSecurity_AllowsLocalNetworking = YES;
				INFOPLIST_KEY_NSLocalNetworkUsageDescription = "Remote needs local network access to control your Mac and communicate with Claude Code.";
				INFOPLIST_KEY_UIApplicationSceneManifest_Generation = YES;
				INFOPLIST_KEY_UIApplicationSupportsIndirectInputEvents = YES;
				INFOPLIST_KEY_UILaunchScreen_Generation = YES;
				INFOPLIST_KEY_UISupportedInterfaceOrientations_iPad = "UIInterfaceOrientationPortrait UIInterfaceOrientationPortraitUpsideDown UIInterfaceOrientationLandscapeLeft UIInterfaceOrientationLandscapeRight";
				INFOPLIST_KEY_UISupportedInterfaceOrientations_iPhone = "UIInterfaceOrientationPortrait UIInterfaceOrientationLandscapeLeft UIInterfaceOrientationLandscapeRight";
				MARKETING_VERSION = 1.0;
				PRODUCT_BUNDLE_IDENTIFIER = com.adspilot.remote;
				PRODUCT_NAME = "$(TARGET_NAME)";
				SWIFT_EMIT_LOC_STRINGS = YES;
				SWIFT_VERSION = 5.0;
				TARGETED_DEVICE_FAMILY = "1,2";
			};
			name = Debug;
		};
		A10000063 /* Release */ = {
			isa = XCBuildConfiguration;
			buildSettings = {
				ASSETCATALOG_COMPILER_APPICON_NAME = AppIcon;
				CODE_SIGN_IDENTITY = "Apple Development";
				CODE_SIGN_STYLE = Automatic;
				CURRENT_PROJECT_VERSION = 1;
				DEVELOPMENT_TEAM = VK6JCSNK68;
				GENERATE_INFOPLIST_FILE = YES;
				INFOPLIST_FILE = AdsPilotRemote/Info.plist;
				INFOPLIST_KEY_CFBundleDisplayName = "Remote";
				INFOPLIST_KEY_NSAppTransportSecurity_AllowsLocalNetworking = YES;
				INFOPLIST_KEY_NSLocalNetworkUsageDescription = "Remote needs local network access to control your Mac and communicate with Claude Code.";
				INFOPLIST_KEY_UIApplicationSceneManifest_Generation = YES;
				INFOPLIST_KEY_UIApplicationSupportsIndirectInputEvents = YES;
				INFOPLIST_KEY_UILaunchScreen_Generation = YES;
				INFOPLIST_KEY_UISupportedInterfaceOrientations_iPad = "UIInterfaceOrientationPortrait UIInterfaceOrientationPortraitUpsideDown UIInterfaceOrientationLandscapeLeft UIInterfaceOrientationLandscapeRight";
				INFOPLIST_KEY_UISupportedInterfaceOrientations_iPhone = "UIInterfaceOrientationPortrait UIInterfaceOrientationLandscapeLeft UIInterfaceOrientationLandscapeRight";
				MARKETING_VERSION = 1.0;
				PRODUCT_BUNDLE_IDENTIFIER = com.adspilot.remote;
				PRODUCT_NAME = "$(TARGET_NAME)";
				SWIFT_EMIT_LOC_STRINGS = YES;
				SWIFT_VERSION = 5.0;
				TARGETED_DEVICE_FAMILY = "1,2";
			};
			name = Release;
		};
/* End XCBuildConfiguration section */

/* Begin XCConfigurationList section */
		A10000040 /* Build configuration list for PBXNativeTarget "AdsPilotRemote" */ = {
			isa = XCConfigurationList;
			buildConfigurations = (
				A10000062 /* Debug */,
				A10000063 /* Release */,
			);
			defaultConfigurationIsVisible = 0;
			defaultConfigurationName = Release;
		};
		A10000051 /* Build configuration list for PBXProject "AdsPilotRemote" */ = {
			isa = XCConfigurationList;
			buildConfigurations = (
				A10000060 /* Debug */,
				A10000061 /* Release */,
			);
			defaultConfigurationIsVisible = 0;
			defaultConfigurationName = Release;
		};
/* End XCConfigurationList section */

	};
	rootObject = A10000050 /* Project object */;
}
